
Microsoft Visual Studio Solution File, Format Version 12.00
# Visual Studio Version 17
VisualStudioVersion = 17.0.31314.256
MinimumVisualStudioVersion = 10.0.40219.1
Project("{2150E333-8FDC-42A3-9474-1A3956D46DE8}") = "Automation", "Automation", "{0BFBE63A-B98A-3411-8EEB-8918FEC737B3}"
EndProject
Project("{2150E333-8FDC-42A3-9474-1A3956D46DE8}") = "Engine", "Engine", "{233774A8-CC9D-3FA9-86D1-90573E92B704}"
EndProject
Project("{2150E333-8FDC-42A3-9474-1A3956D46DE8}") = "Games", "Games", "{DE1F8B53-6C02-3C13-9101-A7C8D96F3FF6}"
EndProject
Project("{2150E333-8FDC-42A3-9474-1A3956D46DE8}") = "Programs", "Programs", "{A338B9E2-A559-34BE-A46D-F789DD488FAD}"
EndProject
Project("{2150E333-8FDC-42A3-9474-1A3956D46DE8}") = "Rules", "Rules", "{C2F57ECE-B26F-39D8-BDA7-C1D40BD8F180}"
EndProject
Project("{2150E333-8FDC-42A3-9474-1A3956D46DE8}") = "Shared", "Shared", "{57713676-9DBE-331C-AD10-26632AC9EE0C}"
EndProject
Project("{2150E333-8FDC-42A3-9474-1A3956D46DE8}") = "UnrealBuildTool.Plugins", "UnrealBuildTool.Plugins", "{7B5CFB44-F0FB-31DF-AE62-C3C096A29A7B}"
EndProject
Project("{8BC9CEB8-8B4A-11D0-8D11-00A0C91BC942}") = "VTDarkness", "Intermediate\ProjectFiles\VTDarkness.vcxproj", "{FBC3AE59-C633-331B-AA02-2538022889ED}"
	ProjectSection(ProjectDependencies) = postProject
		{31E0AE59-2C91-31D5-B513-65904636A636} = {31E0AE59-2C91-31D5-B513-65904636A636}
	EndProjectSection
EndProject
Project("{8BC9CEB8-8B4A-11D0-8D11-00A0C91BC942}") = "UE5", "Intermediate\ProjectFiles\UE5.vcxproj", "{AF266CD1-F96A-3C68-9DB0-D319D5F85077}"
EndProject
Project("{FAE04EC0-301F-11D3-BF4B-00C04F79EFBC}") = "UnrealBuildTool", "..\..\Unreal Engine\UE_5.3\Engine\Source\Programs\UnrealBuildTool\UnrealBuildTool.csproj", "{31E0AE59-2C91-31D5-B513-65904636A636}"
EndProject
Project("{FAE04EC0-301F-11D3-BF4B-00C04F79EFBC}") = "AutomationTool", "..\..\Unreal Engine\UE_5.3\Engine\Source\Programs\AutomationTool\AutomationTool.csproj", "{76137242-66F1-3656-BEBD-1538C04EDF4B}"
EndProject
Project("{FAE04EC0-301F-11D3-BF4B-00C04F79EFBC}") = "Android.Automation", "..\..\Unreal Engine\UE_5.3\Engine\Source\Programs\AutomationTool\Android\Android.Automation.csproj", "{9AF425BD-0A4E-327E-A5DB-3045C8CA291F}"
EndProject
Project("{FAE04EC0-301F-11D3-BF4B-00C04F79EFBC}") = "Apple.Automation", "..\..\Unreal Engine\UE_5.3\Engine\Source\Programs\AutomationTool\Apple\Apple.Automation.csproj", "{9742E04F-932E-320D-B140-922D4E93FC53}"
EndProject
Project("{FAE04EC0-301F-11D3-BF4B-00C04F79EFBC}") = "AutomationUtils.Automation", "..\..\Unreal Engine\UE_5.3\Engine\Source\Programs\AutomationTool\AutomationUtils\AutomationUtils.Automation.csproj", "{08205B29-E854-3378-B942-CFF3162E9E58}"
EndProject
Project("{FAE04EC0-301F-11D3-BF4B-00C04F79EFBC}") = "BuildGraph.Automation", "..\..\Unreal Engine\UE_5.3\Engine\Source\Programs\AutomationTool\BuildGraph\BuildGraph.Automation.csproj", "{BD572ECA-2572-33DA-ABA6-97805B8E58CC}"
EndProject
Project("{FAE04EC0-301F-11D3-BF4B-00C04F79EFBC}") = "CookedEditor.Automation", "..\..\Unreal Engine\UE_5.3\Engine\Source\Programs\AutomationTool\CookedEditor\CookedEditor.Automation.csproj", "{42C01907-AF78-3BB3-BDB1-0F16A1C26F7F}"
EndProject
Project("{FAE04EC0-301F-11D3-BF4B-00C04F79EFBC}") = "CrowdinLocalization.Automation", "..\..\Unreal Engine\UE_5.3\Engine\Source\Programs\AutomationTool\CrowdinLocalization\CrowdinLocalization.Automation.csproj", "{32269843-EAE2-3306-B12C-C72910A34F4A}"
EndProject
Project("{FAE04EC0-301F-11D3-BF4B-00C04F79EFBC}") = "Gauntlet.Automation", "..\..\Unreal Engine\UE_5.3\Engine\Source\Programs\AutomationTool\Gauntlet\Gauntlet.Automation.csproj", "{FC934975-154B-3601-A9EA-4F3B05BD61CD}"
EndProject
Project("{FAE04EC0-301F-11D3-BF4B-00C04F79EFBC}") = "IOS.Automation", "..\..\Unreal Engine\UE_5.3\Engine\Source\Programs\AutomationTool\IOS\IOS.Automation.csproj", "{3DB1F9B4-05B7-3595-B667-418DE42F03BE}"
EndProject
Project("{FAE04EC0-301F-11D3-BF4B-00C04F79EFBC}") = "Linux.Automation", "..\..\Unreal Engine\UE_5.3\Engine\Source\Programs\AutomationTool\Linux\Linux.Automation.csproj", "{D8637894-958B-35A3-9E32-ADDD12AB35BC}"
EndProject
Project("{FAE04EC0-301F-11D3-BF4B-00C04F79EFBC}") = "Localization.Automation", "..\..\Unreal Engine\UE_5.3\Engine\Source\Programs\AutomationTool\Localization\Localization.Automation.csproj", "{FA6226A4-6E2C-3CBD-9D8A-F3293AB939DA}"
EndProject
Project("{FAE04EC0-301F-11D3-BF4B-00C04F79EFBC}") = "LowLevelTests.Automation", "..\..\Unreal Engine\UE_5.3\Engine\Source\Programs\AutomationTool\LowLevelTests\LowLevelTests.Automation.csproj", "{0F0513D7-4454-34BE-91E1-9036FAD8031B}"
EndProject
Project("{FAE04EC0-301F-11D3-BF4B-00C04F79EFBC}") = "Mac.Automation", "..\..\Unreal Engine\UE_5.3\Engine\Source\Programs\AutomationTool\Mac\Mac.Automation.csproj", "{8E2FBCAA-39A9-31FD-818B-A76DC3090B88}"
EndProject
Project("{FAE04EC0-301F-11D3-BF4B-00C04F79EFBC}") = "OneSkyLocalization.Automation", "..\..\Unreal Engine\UE_5.3\Engine\Source\Programs\AutomationTool\OneSkyLocalization\OneSkyLocalization.Automation.csproj", "{46B8C471-4ED7-3A60-A8FF-25E6F31AE332}"
EndProject
Project("{FAE04EC0-301F-11D3-BF4B-00C04F79EFBC}") = "AutomationScripts.Automation", "..\..\Unreal Engine\UE_5.3\Engine\Source\Programs\AutomationTool\Scripts\AutomationScripts.Automation.csproj", "{2C2DCE0C-802D-3D5D-869C-FCDCDCAA42DF}"
EndProject
Project("{FAE04EC0-301F-11D3-BF4B-00C04F79EFBC}") = "SmartlingLocalization.Automation", "..\..\Unreal Engine\UE_5.3\Engine\Source\Programs\AutomationTool\SmartlingLocalization\SmartlingLocalization.Automation.csproj", "{2B90A16A-67B6-3555-BF27-7D789CEEFC28}"
EndProject
Project("{FAE04EC0-301F-11D3-BF4B-00C04F79EFBC}") = "SteamDeck.Automation", "..\..\Unreal Engine\UE_5.3\Engine\Source\Programs\AutomationTool\SteamDeck\SteamDeck.Automation.csproj", "{1686C890-DF7A-3116-BAAA-EE5E443A52AA}"
EndProject
Project("{FAE04EC0-301F-11D3-BF4B-00C04F79EFBC}") = "TVOS.Automation", "..\..\Unreal Engine\UE_5.3\Engine\Source\Programs\AutomationTool\TVOS\TVOS.Automation.csproj", "{ED915C36-7F52-3164-9AFD-1A6ECCDDF6DB}"
EndProject
Project("{FAE04EC0-301F-11D3-BF4B-00C04F79EFBC}") = "Turnkey.Automation", "..\..\Unreal Engine\UE_5.3\Engine\Source\Programs\AutomationTool\Turnkey\Turnkey.Automation.csproj", "{F3136B2F-C7A1-3C69-AC97-F1C4F4E28270}"
EndProject
Project("{FAE04EC0-301F-11D3-BF4B-00C04F79EFBC}") = "Win.Automation", "..\..\Unreal Engine\UE_5.3\Engine\Source\Programs\AutomationTool\Win\Win.Automation.csproj", "{0EB8D180-6C0F-3B21-A83E-078EC4B9D8DE}"
EndProject
Project("{FAE04EC0-301F-11D3-BF4B-00C04F79EFBC}") = "XLocLocalization.Automation", "..\..\Unreal Engine\UE_5.3\Engine\Source\Programs\AutomationTool\XLocLocalization\XLocLocalization.Automation.csproj", "{792C947A-B4C9-3A62-ACE7-C260B8377361}"
EndProject
Project("{FAE04EC0-301F-11D3-BF4B-00C04F79EFBC}") = "ScriptGeneratorUbtPlugin.ubtplugin", "..\..\Unreal Engine\UE_5.3\Engine\Plugins\ScriptPlugin\Source\ScriptGeneratorUbtPlugin\ScriptGeneratorUbtPlugin.ubtplugin.csproj", "{6FCF203C-105D-3E7D-89EE-7F980DE0ED62}"
EndProject
Project("{FAE04EC0-301F-11D3-BF4B-00C04F79EFBC}") = "EpicGames.AspNet", "..\..\Unreal Engine\UE_5.3\Engine\Source\Programs\Shared\EpicGames.AspNet\EpicGames.AspNet.csproj", "{07A701B4-8F4B-315F-A37B-215C80F32CC9}"
EndProject
Project("{FAE04EC0-301F-11D3-BF4B-00C04F79EFBC}") = "EpicGames.Box", "..\..\Unreal Engine\UE_5.3\Engine\Source\Programs\Shared\EpicGames.Box\EpicGames.Box.csproj", "{3C0B9935-6534-336F-A37E-86F11EEFC790}"
EndProject
Project("{FAE04EC0-301F-11D3-BF4B-00C04F79EFBC}") = "EpicGames.Build", "..\..\Unreal Engine\UE_5.3\Engine\Source\Programs\Shared\EpicGames.Build\EpicGames.Build.csproj", "{296D47AD-32B9-33CF-86CC-F770A9B0503E}"
EndProject
Project("{FAE04EC0-301F-11D3-BF4B-00C04F79EFBC}") = "EpicGames.BuildGraph", "..\..\Unreal Engine\UE_5.3\Engine\Source\Programs\Shared\EpicGames.BuildGraph\EpicGames.BuildGraph.csproj", "{3252FAE0-FC09-302E-A8DA-DDC1A28F04D9}"
EndProject
Project("{FAE04EC0-301F-11D3-BF4B-00C04F79EFBC}") = "EpicGames.Core", "..\..\Unreal Engine\UE_5.3\Engine\Source\Programs\Shared\EpicGames.Core\EpicGames.Core.csproj", "{4AEBFD7D-7DC6-35DF-9236-A878FC7C237D}"
EndProject
Project("{FAE04EC0-301F-11D3-BF4B-00C04F79EFBC}") = "EpicGames.Horde", "..\..\Unreal Engine\UE_5.3\Engine\Source\Programs\Shared\EpicGames.Horde\EpicGames.Horde.csproj", "{5B1AAECD-0289-37EC-8011-8EAB8C838045}"
EndProject
Project("{FAE04EC0-301F-11D3-BF4B-00C04F79EFBC}") = "EpicGames.IoHash", "..\..\Unreal Engine\UE_5.3\Engine\Source\Programs\Shared\EpicGames.IoHash\EpicGames.IoHash.csproj", "{68B05214-1205-3F1F-9796-741D949B8E22}"
EndProject
Project("{FAE04EC0-301F-11D3-BF4B-00C04F79EFBC}") = "EpicGames.Jupiter", "..\..\Unreal Engine\UE_5.3\Engine\Source\Programs\Shared\EpicGames.Jupiter\EpicGames.Jupiter.csproj", "{98ED9614-B8DC-3A85-9034-A0DEBDCA28EA}"
EndProject
Project("{FAE04EC0-301F-11D3-BF4B-00C04F79EFBC}") = "EpicGames.MongoDB", "..\..\Unreal Engine\UE_5.3\Engine\Source\Programs\Shared\EpicGames.MongoDB\EpicGames.MongoDB.csproj", "{B1330E55-0C6E-351E-B8DF-9293AC9B4BCE}"
EndProject
Project("{FAE04EC0-301F-11D3-BF4B-00C04F79EFBC}") = "EpicGames.MsBuild", "..\..\Unreal Engine\UE_5.3\Engine\Source\Programs\Shared\EpicGames.MsBuild\EpicGames.MsBuild.csproj", "{333C1318-64C5-3307-B903-8738B9C7D00D}"
EndProject
Project("{FAE04EC0-301F-11D3-BF4B-00C04F79EFBC}") = "EpicGames.OIDC", "..\..\Unreal Engine\UE_5.3\Engine\Source\Programs\Shared\EpicGames.OIDC\EpicGames.OIDC.csproj", "{9AFAC14F-3D0A-3550-9B01-AC80DF7FF265}"
EndProject
Project("{FAE04EC0-301F-11D3-BF4B-00C04F79EFBC}") = "EpicGames.Oodle", "..\..\Unreal Engine\UE_5.3\Engine\Source\Programs\Shared\EpicGames.Oodle\EpicGames.Oodle.csproj", "{6A400ED1-CBED-3D1C-961C-0D28CF7CF920}"
EndProject
Project("{FAE04EC0-301F-11D3-BF4B-00C04F79EFBC}") = "EpicGames.Perforce", "..\..\Unreal Engine\UE_5.3\Engine\Source\Programs\Shared\EpicGames.Perforce\EpicGames.Perforce.csproj", "{B541E842-DE40-3A2A-8489-404EEF648829}"
EndProject
Project("{FAE04EC0-301F-11D3-BF4B-00C04F79EFBC}") = "EpicGames.Perforce.Fixture", "..\..\Unreal Engine\UE_5.3\Engine\Source\Programs\Shared\EpicGames.Perforce.Fixture\EpicGames.Perforce.Fixture.csproj", "{66677257-F004-3ED8-AD21-8B11F046DDE3}"
EndProject
Project("{FAE04EC0-301F-11D3-BF4B-00C04F79EFBC}") = "EpicGames.Perforce.Managed", "..\..\Unreal Engine\UE_5.3\Engine\Source\Programs\Shared\EpicGames.Perforce.Managed\EpicGames.Perforce.Managed.csproj", "{3C6B466B-8D29-3668-A656-08D7C42BA53C}"
EndProject
Project("{FAE04EC0-301F-11D3-BF4B-00C04F79EFBC}") = "EpicGames.Redis", "..\..\Unreal Engine\UE_5.3\Engine\Source\Programs\Shared\EpicGames.Redis\EpicGames.Redis.csproj", "{66ECB8D9-8AF1-321C-BAA6-4C738A20F637}"
EndProject
Project("{FAE04EC0-301F-11D3-BF4B-00C04F79EFBC}") = "EpicGames.Serialization", "..\..\Unreal Engine\UE_5.3\Engine\Source\Programs\Shared\EpicGames.Serialization\EpicGames.Serialization.csproj", "{7E1A7DDC-2462-3ABC-9811-CED3D40FC9E3}"
EndProject
Project("{FAE04EC0-301F-11D3-BF4B-00C04F79EFBC}") = "EpicGames.Slack", "..\..\Unreal Engine\UE_5.3\Engine\Source\Programs\Shared\EpicGames.Slack\EpicGames.Slack.csproj", "{4F1F63C4-B9AD-3263-846D-AFB93EC05F0F}"
EndProject
Project("{FAE04EC0-301F-11D3-BF4B-00C04F79EFBC}") = "EpicGames.Tracing", "..\..\Unreal Engine\UE_5.3\Engine\Source\Programs\Shared\EpicGames.Tracing\EpicGames.Tracing.csproj", "{3D06AEB8-D810-3D25-93B2-12B28B7F3FBB}"
EndProject
Project("{FAE04EC0-301F-11D3-BF4B-00C04F79EFBC}") = "EpicGames.UHT", "..\..\Unreal Engine\UE_5.3\Engine\Source\Programs\Shared\EpicGames.UHT\EpicGames.UHT.csproj", "{D9905CF5-A952-3DCF-AE17-A73F82ED9382}"
EndProject
Project("{FAE04EC0-301F-11D3-BF4B-00C04F79EFBC}") = "VTDarknessModuleRules", "Intermediate\Build\BuildRulesProjects\VTDarknessModuleRules\VTDarknessModuleRules.csproj", "{B5D2CDD1-F4B4-3DA3-A558-2DE5F8101942}"
EndProject
Project("{FAE04EC0-301F-11D3-BF4B-00C04F79EFBC}") = "MarketplaceRules", "..\..\Unreal Engine\UE_5.3\Engine\Intermediate\Build\BuildRulesProjects\MarketplaceRules\MarketplaceRules.csproj", "{EA2C70F9-4A19-38E3-9A07-AC3FE17BED06}"
EndProject
Project("{FAE04EC0-301F-11D3-BF4B-00C04F79EFBC}") = "UE5ProgramRules", "..\..\Unreal Engine\UE_5.3\Engine\Intermediate\Build\BuildRulesProjects\UE5ProgramRules\UE5ProgramRules.csproj", "{C25387C6-E547-30A9-8572-7E2C2B142C46}"
EndProject
Project("{FAE04EC0-301F-11D3-BF4B-00C04F79EFBC}") = "UE5Rules", "..\..\Unreal Engine\UE_5.3\Engine\Intermediate\Build\BuildRulesProjects\UE5Rules\UE5Rules.csproj", "{600C20D6-1597-3597-8BAC-7DFF8A579F7B}"
EndProject
Project("{2150E333-8FDC-42A3-9474-1A3956D46DE8}") = "Visualizers", "Visualizers", "{1CCEC849-CC72-4C59-8C36-2F7C38706D4C}"
	ProjectSection(SolutionItems) = preProject
		..\..\Unreal Engine\UE_5.3\Engine\Extras\VisualStudioDebugging\Unreal.natvis = ..\..\Unreal Engine\UE_5.3\Engine\Extras\VisualStudioDebugging\Unreal.natvis
		..\..\Unreal Engine\UE_5.3\Engine\Extras\VisualStudioDebugging\Unreal.natstepfilter = ..\..\Unreal Engine\UE_5.3\Engine\Extras\VisualStudioDebugging\Unreal.natstepfilter
	EndProjectSection
EndProject
Global
	GlobalSection(SolutionConfigurationPlatforms) = preSolution
		DebugGame Editor|Win64 = DebugGame Editor|Win64
		DebugGame|Win64 = DebugGame|Win64
		Development Editor|Win64 = Development Editor|Win64
		Development|Win64 = Development|Win64
		Shipping|Win64 = Shipping|Win64
	EndGlobalSection
	# UnrealVS Section
	GlobalSection(ddbf523f-7eb6-4887-bd51-85a714ff87eb) = preSolution
		AvailablePlatforms=Win64
	EndGlobalSection
	GlobalSection(ProjectConfigurationPlatforms) = postSolution
		{FBC3AE59-C633-331B-AA02-2538022889ED}.DebugGame Editor|Win64.ActiveCfg = DebugGame_Editor|x64
		{FBC3AE59-C633-331B-AA02-2538022889ED}.DebugGame Editor|Win64.Build.0 = DebugGame_Editor|x64
		{FBC3AE59-C633-331B-AA02-2538022889ED}.DebugGame|Win64.ActiveCfg = DebugGame|x64
		{FBC3AE59-C633-331B-AA02-2538022889ED}.DebugGame|Win64.Build.0 = DebugGame|x64
		{FBC3AE59-C633-331B-AA02-2538022889ED}.Development Editor|Win64.ActiveCfg = Development_Editor|x64
		{FBC3AE59-C633-331B-AA02-2538022889ED}.Development Editor|Win64.Build.0 = Development_Editor|x64
		{FBC3AE59-C633-331B-AA02-2538022889ED}.Development|Win64.ActiveCfg = Development|x64
		{FBC3AE59-C633-331B-AA02-2538022889ED}.Development|Win64.Build.0 = Development|x64
		{FBC3AE59-C633-331B-AA02-2538022889ED}.Shipping|Win64.ActiveCfg = Shipping|x64
		{FBC3AE59-C633-331B-AA02-2538022889ED}.Shipping|Win64.Build.0 = Shipping|x64
		{AF266CD1-F96A-3C68-9DB0-D319D5F85077}.DebugGame Editor|Win64.ActiveCfg = BuiltWithUnrealBuildTool|Win64
		{AF266CD1-F96A-3C68-9DB0-D319D5F85077}.DebugGame|Win64.ActiveCfg = BuiltWithUnrealBuildTool|Win64
		{AF266CD1-F96A-3C68-9DB0-D319D5F85077}.Development Editor|Win64.ActiveCfg = BuiltWithUnrealBuildTool|Win64
		{AF266CD1-F96A-3C68-9DB0-D319D5F85077}.Development|Win64.ActiveCfg = BuiltWithUnrealBuildTool|Win64
		{AF266CD1-F96A-3C68-9DB0-D319D5F85077}.Shipping|Win64.ActiveCfg = BuiltWithUnrealBuildTool|Win64
		{31E0AE59-2C91-31D5-B513-65904636A636}.DebugGame Editor|Win64.ActiveCfg = Development|Any CPU
		{31E0AE59-2C91-31D5-B513-65904636A636}.DebugGame Editor|Win64.Build.0 = Development|Any CPU
		{31E0AE59-2C91-31D5-B513-65904636A636}.DebugGame|Win64.ActiveCfg = Development|Any CPU
		{31E0AE59-2C91-31D5-B513-65904636A636}.DebugGame|Win64.Build.0 = Development|Any CPU
		{31E0AE59-2C91-31D5-B513-65904636A636}.Development Editor|Win64.ActiveCfg = Development|Any CPU
		{31E0AE59-2C91-31D5-B513-65904636A636}.Development Editor|Win64.Build.0 = Development|Any CPU
		{31E0AE59-2C91-31D5-B513-65904636A636}.Development|Win64.ActiveCfg = Development|Any CPU
		{31E0AE59-2C91-31D5-B513-65904636A636}.Development|Win64.Build.0 = Development|Any CPU
		{31E0AE59-2C91-31D5-B513-65904636A636}.Shipping|Win64.ActiveCfg = Development|Any CPU
		{31E0AE59-2C91-31D5-B513-65904636A636}.Shipping|Win64.Build.0 = Development|Any CPU
		{76137242-66F1-3656-BEBD-1538C04EDF4B}.DebugGame Editor|Win64.ActiveCfg = Development|Any CPU
		{76137242-66F1-3656-BEBD-1538C04EDF4B}.DebugGame Editor|Win64.Build.0 = Development|Any CPU
		{76137242-66F1-3656-BEBD-1538C04EDF4B}.DebugGame|Win64.ActiveCfg = Development|Any CPU
		{76137242-66F1-3656-BEBD-1538C04EDF4B}.DebugGame|Win64.Build.0 = Development|Any CPU
		{76137242-66F1-3656-BEBD-1538C04EDF4B}.Development Editor|Win64.ActiveCfg = Development|Any CPU
		{76137242-66F1-3656-BEBD-1538C04EDF4B}.Development Editor|Win64.Build.0 = Development|Any CPU
		{76137242-66F1-3656-BEBD-1538C04EDF4B}.Development|Win64.ActiveCfg = Development|Any CPU
		{76137242-66F1-3656-BEBD-1538C04EDF4B}.Development|Win64.Build.0 = Development|Any CPU
		{76137242-66F1-3656-BEBD-1538C04EDF4B}.Shipping|Win64.ActiveCfg = Development|Any CPU
		{76137242-66F1-3656-BEBD-1538C04EDF4B}.Shipping|Win64.Build.0 = Development|Any CPU
		{9AF425BD-0A4E-327E-A5DB-3045C8CA291F}.DebugGame Editor|Win64.ActiveCfg = Development|Any CPU
		{9AF425BD-0A4E-327E-A5DB-3045C8CA291F}.DebugGame Editor|Win64.Build.0 = Development|Any CPU
		{9AF425BD-0A4E-327E-A5DB-3045C8CA291F}.DebugGame|Win64.ActiveCfg = Development|Any CPU
		{9AF425BD-0A4E-327E-A5DB-3045C8CA291F}.DebugGame|Win64.Build.0 = Development|Any CPU
		{9AF425BD-0A4E-327E-A5DB-3045C8CA291F}.Development Editor|Win64.ActiveCfg = Development|Any CPU
		{9AF425BD-0A4E-327E-A5DB-3045C8CA291F}.Development Editor|Win64.Build.0 = Development|Any CPU
		{9AF425BD-0A4E-327E-A5DB-3045C8CA291F}.Development|Win64.ActiveCfg = Development|Any CPU
		{9AF425BD-0A4E-327E-A5DB-3045C8CA291F}.Development|Win64.Build.0 = Development|Any CPU
		{9AF425BD-0A4E-327E-A5DB-3045C8CA291F}.Shipping|Win64.ActiveCfg = Development|Any CPU
		{9AF425BD-0A4E-327E-A5DB-3045C8CA291F}.Shipping|Win64.Build.0 = Development|Any CPU
		{9742E04F-932E-320D-B140-922D4E93FC53}.DebugGame Editor|Win64.ActiveCfg = Development|Any CPU
		{9742E04F-932E-320D-B140-922D4E93FC53}.DebugGame Editor|Win64.Build.0 = Development|Any CPU
		{9742E04F-932E-320D-B140-922D4E93FC53}.DebugGame|Win64.ActiveCfg = Development|Any CPU
		{9742E04F-932E-320D-B140-922D4E93FC53}.DebugGame|Win64.Build.0 = Development|Any CPU
		{9742E04F-932E-320D-B140-922D4E93FC53}.Development Editor|Win64.ActiveCfg = Development|Any CPU
		{9742E04F-932E-320D-B140-922D4E93FC53}.Development Editor|Win64.Build.0 = Development|Any CPU
		{9742E04F-932E-320D-B140-922D4E93FC53}.Development|Win64.ActiveCfg = Development|Any CPU
		{9742E04F-932E-320D-B140-922D4E93FC53}.Development|Win64.Build.0 = Development|Any CPU
		{9742E04F-932E-320D-B140-922D4E93FC53}.Shipping|Win64.ActiveCfg = Development|Any CPU
		{9742E04F-932E-320D-B140-922D4E93FC53}.Shipping|Win64.Build.0 = Development|Any CPU
		{08205B29-E854-3378-B942-CFF3162E9E58}.DebugGame Editor|Win64.ActiveCfg = Development|Any CPU
		{08205B29-E854-3378-B942-CFF3162E9E58}.DebugGame Editor|Win64.Build.0 = Development|Any CPU
		{08205B29-E854-3378-B942-CFF3162E9E58}.DebugGame|Win64.ActiveCfg = Development|Any CPU
		{08205B29-E854-3378-B942-CFF3162E9E58}.DebugGame|Win64.Build.0 = Development|Any CPU
		{08205B29-E854-3378-B942-CFF3162E9E58}.Development Editor|Win64.ActiveCfg = Development|Any CPU
		{08205B29-E854-3378-B942-CFF3162E9E58}.Development Editor|Win64.Build.0 = Development|Any CPU
		{08205B29-E854-3378-B942-CFF3162E9E58}.Development|Win64.ActiveCfg = Development|Any CPU
		{08205B29-E854-3378-B942-CFF3162E9E58}.Development|Win64.Build.0 = Development|Any CPU
		{08205B29-E854-3378-B942-CFF3162E9E58}.Shipping|Win64.ActiveCfg = Development|Any CPU
		{08205B29-E854-3378-B942-CFF3162E9E58}.Shipping|Win64.Build.0 = Development|Any CPU
		{BD572ECA-2572-33DA-ABA6-97805B8E58CC}.DebugGame Editor|Win64.ActiveCfg = Development|Any CPU
		{BD572ECA-2572-33DA-ABA6-97805B8E58CC}.DebugGame Editor|Win64.Build.0 = Development|Any CPU
		{BD572ECA-2572-33DA-ABA6-97805B8E58CC}.DebugGame|Win64.ActiveCfg = Development|Any CPU
		{BD572ECA-2572-33DA-ABA6-97805B8E58CC}.DebugGame|Win64.Build.0 = Development|Any CPU
		{BD572ECA-2572-33DA-ABA6-97805B8E58CC}.Development Editor|Win64.ActiveCfg = Development|Any CPU
		{BD572ECA-2572-33DA-ABA6-97805B8E58CC}.Development Editor|Win64.Build.0 = Development|Any CPU
		{BD572ECA-2572-33DA-ABA6-97805B8E58CC}.Development|Win64.ActiveCfg = Development|Any CPU
		{BD572ECA-2572-33DA-ABA6-97805B8E58CC}.Development|Win64.Build.0 = Development|Any CPU
		{BD572ECA-2572-33DA-ABA6-97805B8E58CC}.Shipping|Win64.ActiveCfg = Development|Any CPU
		{BD572ECA-2572-33DA-ABA6-97805B8E58CC}.Shipping|Win64.Build.0 = Development|Any CPU
		{42C01907-AF78-3BB3-BDB1-0F16A1C26F7F}.DebugGame Editor|Win64.ActiveCfg = Development|Any CPU
		{42C01907-AF78-3BB3-BDB1-0F16A1C26F7F}.DebugGame Editor|Win64.Build.0 = Development|Any CPU
		{42C01907-AF78-3BB3-BDB1-0F16A1C26F7F}.DebugGame|Win64.ActiveCfg = Development|Any CPU
		{42C01907-AF78-3BB3-BDB1-0F16A1C26F7F}.DebugGame|Win64.Build.0 = Development|Any CPU
		{42C01907-AF78-3BB3-BDB1-0F16A1C26F7F}.Development Editor|Win64.ActiveCfg = Development|Any CPU
		{42C01907-AF78-3BB3-BDB1-0F16A1C26F7F}.Development Editor|Win64.Build.0 = Development|Any CPU
		{42C01907-AF78-3BB3-BDB1-0F16A1C26F7F}.Development|Win64.ActiveCfg = Development|Any CPU
		{42C01907-AF78-3BB3-BDB1-0F16A1C26F7F}.Development|Win64.Build.0 = Development|Any CPU
		{42C01907-AF78-3BB3-BDB1-0F16A1C26F7F}.Shipping|Win64.ActiveCfg = Development|Any CPU
		{42C01907-AF78-3BB3-BDB1-0F16A1C26F7F}.Shipping|Win64.Build.0 = Development|Any CPU
		{32269843-EAE2-3306-B12C-C72910A34F4A}.DebugGame Editor|Win64.ActiveCfg = Development|Any CPU
		{32269843-EAE2-3306-B12C-C72910A34F4A}.DebugGame Editor|Win64.Build.0 = Development|Any CPU
		{32269843-EAE2-3306-B12C-C72910A34F4A}.DebugGame|Win64.ActiveCfg = Development|Any CPU
		{32269843-EAE2-3306-B12C-C72910A34F4A}.DebugGame|Win64.Build.0 = Development|Any CPU
		{32269843-EAE2-3306-B12C-C72910A34F4A}.Development Editor|Win64.ActiveCfg = Development|Any CPU
		{32269843-EAE2-3306-B12C-C72910A34F4A}.Development Editor|Win64.Build.0 = Development|Any CPU
		{32269843-EAE2-3306-B12C-C72910A34F4A}.Development|Win64.ActiveCfg = Development|Any CPU
		{32269843-EAE2-3306-B12C-C72910A34F4A}.Development|Win64.Build.0 = Development|Any CPU
		{32269843-EAE2-3306-B12C-C72910A34F4A}.Shipping|Win64.ActiveCfg = Development|Any CPU
		{32269843-EAE2-3306-B12C-C72910A34F4A}.Shipping|Win64.Build.0 = Development|Any CPU
		{FC934975-154B-3601-A9EA-4F3B05BD61CD}.DebugGame Editor|Win64.ActiveCfg = Development|Any CPU
		{FC934975-154B-3601-A9EA-4F3B05BD61CD}.DebugGame Editor|Win64.Build.0 = Development|Any CPU
		{FC934975-154B-3601-A9EA-4F3B05BD61CD}.DebugGame|Win64.ActiveCfg = Development|Any CPU
		{FC934975-154B-3601-A9EA-4F3B05BD61CD}.DebugGame|Win64.Build.0 = Development|Any CPU
		{FC934975-154B-3601-A9EA-4F3B05BD61CD}.Development Editor|Win64.ActiveCfg = Development|Any CPU
		{FC934975-154B-3601-A9EA-4F3B05BD61CD}.Development Editor|Win64.Build.0 = Development|Any CPU
		{FC934975-154B-3601-A9EA-4F3B05BD61CD}.Development|Win64.ActiveCfg = Development|Any CPU
		{FC934975-154B-3601-A9EA-4F3B05BD61CD}.Development|Win64.Build.0 = Development|Any CPU
		{FC934975-154B-3601-A9EA-4F3B05BD61CD}.Shipping|Win64.ActiveCfg = Development|Any CPU
		{FC934975-154B-3601-A9EA-4F3B05BD61CD}.Shipping|Win64.Build.0 = Development|Any CPU
		{3DB1F9B4-05B7-3595-B667-418DE42F03BE}.DebugGame Editor|Win64.ActiveCfg = Development|Any CPU
		{3DB1F9B4-05B7-3595-B667-418DE42F03BE}.DebugGame Editor|Win64.Build.0 = Development|Any CPU
		{3DB1F9B4-05B7-3595-B667-418DE42F03BE}.DebugGame|Win64.ActiveCfg = Development|Any CPU
		{3DB1F9B4-05B7-3595-B667-418DE42F03BE}.DebugGame|Win64.Build.0 = Development|Any CPU
		{3DB1F9B4-05B7-3595-B667-418DE42F03BE}.Development Editor|Win64.ActiveCfg = Development|Any CPU
		{3DB1F9B4-05B7-3595-B667-418DE42F03BE}.Development Editor|Win64.Build.0 = Development|Any CPU
		{3DB1F9B4-05B7-3595-B667-418DE42F03BE}.Development|Win64.ActiveCfg = Development|Any CPU
		{3DB1F9B4-05B7-3595-B667-418DE42F03BE}.Development|Win64.Build.0 = Development|Any CPU
		{3DB1F9B4-05B7-3595-B667-418DE42F03BE}.Shipping|Win64.ActiveCfg = Development|Any CPU
		{3DB1F9B4-05B7-3595-B667-418DE42F03BE}.Shipping|Win64.Build.0 = Development|Any CPU
		{D8637894-958B-35A3-9E32-ADDD12AB35BC}.DebugGame Editor|Win64.ActiveCfg = Development|Any CPU
		{D8637894-958B-35A3-9E32-ADDD12AB35BC}.DebugGame Editor|Win64.Build.0 = Development|Any CPU
		{D8637894-958B-35A3-9E32-ADDD12AB35BC}.DebugGame|Win64.ActiveCfg = Development|Any CPU
		{D8637894-958B-35A3-9E32-ADDD12AB35BC}.DebugGame|Win64.Build.0 = Development|Any CPU
		{D8637894-958B-35A3-9E32-ADDD12AB35BC}.Development Editor|Win64.ActiveCfg = Development|Any CPU
		{D8637894-958B-35A3-9E32-ADDD12AB35BC}.Development Editor|Win64.Build.0 = Development|Any CPU
		{D8637894-958B-35A3-9E32-ADDD12AB35BC}.Development|Win64.ActiveCfg = Development|Any CPU
		{D8637894-958B-35A3-9E32-ADDD12AB35BC}.Development|Win64.Build.0 = Development|Any CPU
		{D8637894-958B-35A3-9E32-ADDD12AB35BC}.Shipping|Win64.ActiveCfg = Development|Any CPU
		{D8637894-958B-35A3-9E32-ADDD12AB35BC}.Shipping|Win64.Build.0 = Development|Any CPU
		{FA6226A4-6E2C-3CBD-9D8A-F3293AB939DA}.DebugGame Editor|Win64.ActiveCfg = Development|Any CPU
		{FA6226A4-6E2C-3CBD-9D8A-F3293AB939DA}.DebugGame Editor|Win64.Build.0 = Development|Any CPU
		{FA6226A4-6E2C-3CBD-9D8A-F3293AB939DA}.DebugGame|Win64.ActiveCfg = Development|Any CPU
		{FA6226A4-6E2C-3CBD-9D8A-F3293AB939DA}.DebugGame|Win64.Build.0 = Development|Any CPU
		{FA6226A4-6E2C-3CBD-9D8A-F3293AB939DA}.Development Editor|Win64.ActiveCfg = Development|Any CPU
		{FA6226A4-6E2C-3CBD-9D8A-F3293AB939DA}.Development Editor|Win64.Build.0 = Development|Any CPU
		{FA6226A4-6E2C-3CBD-9D8A-F3293AB939DA}.Development|Win64.ActiveCfg = Development|Any CPU
		{FA6226A4-6E2C-3CBD-9D8A-F3293AB939DA}.Development|Win64.Build.0 = Development|Any CPU
		{FA6226A4-6E2C-3CBD-9D8A-F3293AB939DA}.Shipping|Win64.ActiveCfg = Development|Any CPU
		{FA6226A4-6E2C-3CBD-9D8A-F3293AB939DA}.Shipping|Win64.Build.0 = Development|Any CPU
		{0F0513D7-4454-34BE-91E1-9036FAD8031B}.DebugGame Editor|Win64.ActiveCfg = Development|Any CPU
		{0F0513D7-4454-34BE-91E1-9036FAD8031B}.DebugGame Editor|Win64.Build.0 = Development|Any CPU
		{0F0513D7-4454-34BE-91E1-9036FAD8031B}.DebugGame|Win64.ActiveCfg = Development|Any CPU
		{0F0513D7-4454-34BE-91E1-9036FAD8031B}.DebugGame|Win64.Build.0 = Development|Any CPU
		{0F0513D7-4454-34BE-91E1-9036FAD8031B}.Development Editor|Win64.ActiveCfg = Development|Any CPU
		{0F0513D7-4454-34BE-91E1-9036FAD8031B}.Development Editor|Win64.Build.0 = Development|Any CPU
		{0F0513D7-4454-34BE-91E1-9036FAD8031B}.Development|Win64.ActiveCfg = Development|Any CPU
		{0F0513D7-4454-34BE-91E1-9036FAD8031B}.Development|Win64.Build.0 = Development|Any CPU
		{0F0513D7-4454-34BE-91E1-9036FAD8031B}.Shipping|Win64.ActiveCfg = Development|Any CPU
		{0F0513D7-4454-34BE-91E1-9036FAD8031B}.Shipping|Win64.Build.0 = Development|Any CPU
		{8E2FBCAA-39A9-31FD-818B-A76DC3090B88}.DebugGame Editor|Win64.ActiveCfg = Development|Any CPU
		{8E2FBCAA-39A9-31FD-818B-A76DC3090B88}.DebugGame Editor|Win64.Build.0 = Development|Any CPU
		{8E2FBCAA-39A9-31FD-818B-A76DC3090B88}.DebugGame|Win64.ActiveCfg = Development|Any CPU
		{8E2FBCAA-39A9-31FD-818B-A76DC3090B88}.DebugGame|Win64.Build.0 = Development|Any CPU
		{8E2FBCAA-39A9-31FD-818B-A76DC3090B88}.Development Editor|Win64.ActiveCfg = Development|Any CPU
		{8E2FBCAA-39A9-31FD-818B-A76DC3090B88}.Development Editor|Win64.Build.0 = Development|Any CPU
		{8E2FBCAA-39A9-31FD-818B-A76DC3090B88}.Development|Win64.ActiveCfg = Development|Any CPU
		{8E2FBCAA-39A9-31FD-818B-A76DC3090B88}.Development|Win64.Build.0 = Development|Any CPU
		{8E2FBCAA-39A9-31FD-818B-A76DC3090B88}.Shipping|Win64.ActiveCfg = Development|Any CPU
		{8E2FBCAA-39A9-31FD-818B-A76DC3090B88}.Shipping|Win64.Build.0 = Development|Any CPU
		{46B8C471-4ED7-3A60-A8FF-25E6F31AE332}.DebugGame Editor|Win64.ActiveCfg = Development|Any CPU
		{46B8C471-4ED7-3A60-A8FF-25E6F31AE332}.DebugGame Editor|Win64.Build.0 = Development|Any CPU
		{46B8C471-4ED7-3A60-A8FF-25E6F31AE332}.DebugGame|Win64.ActiveCfg = Development|Any CPU
		{46B8C471-4ED7-3A60-A8FF-25E6F31AE332}.DebugGame|Win64.Build.0 = Development|Any CPU
		{46B8C471-4ED7-3A60-A8FF-25E6F31AE332}.Development Editor|Win64.ActiveCfg = Development|Any CPU
		{46B8C471-4ED7-3A60-A8FF-25E6F31AE332}.Development Editor|Win64.Build.0 = Development|Any CPU
		{46B8C471-4ED7-3A60-A8FF-25E6F31AE332}.Development|Win64.ActiveCfg = Development|Any CPU
		{46B8C471-4ED7-3A60-A8FF-25E6F31AE332}.Development|Win64.Build.0 = Development|Any CPU
		{46B8C471-4ED7-3A60-A8FF-25E6F31AE332}.Shipping|Win64.ActiveCfg = Development|Any CPU
		{46B8C471-4ED7-3A60-A8FF-25E6F31AE332}.Shipping|Win64.Build.0 = Development|Any CPU
		{2C2DCE0C-802D-3D5D-869C-FCDCDCAA42DF}.DebugGame Editor|Win64.ActiveCfg = Development|Any CPU
		{2C2DCE0C-802D-3D5D-869C-FCDCDCAA42DF}.DebugGame Editor|Win64.Build.0 = Development|Any CPU
		{2C2DCE0C-802D-3D5D-869C-FCDCDCAA42DF}.DebugGame|Win64.ActiveCfg = Development|Any CPU
		{2C2DCE0C-802D-3D5D-869C-FCDCDCAA42DF}.DebugGame|Win64.Build.0 = Development|Any CPU
		{2C2DCE0C-802D-3D5D-869C-FCDCDCAA42DF}.Development Editor|Win64.ActiveCfg = Development|Any CPU
		{2C2DCE0C-802D-3D5D-869C-FCDCDCAA42DF}.Development Editor|Win64.Build.0 = Development|Any CPU
		{2C2DCE0C-802D-3D5D-869C-FCDCDCAA42DF}.Development|Win64.ActiveCfg = Development|Any CPU
		{2C2DCE0C-802D-3D5D-869C-FCDCDCAA42DF}.Development|Win64.Build.0 = Development|Any CPU
		{2C2DCE0C-802D-3D5D-869C-FCDCDCAA42DF}.Shipping|Win64.ActiveCfg = Development|Any CPU
		{2C2DCE0C-802D-3D5D-869C-FCDCDCAA42DF}.Shipping|Win64.Build.0 = Development|Any CPU
		{2B90A16A-67B6-3555-BF27-7D789CEEFC28}.DebugGame Editor|Win64.ActiveCfg = Development|Any CPU
		{2B90A16A-67B6-3555-BF27-7D789CEEFC28}.DebugGame Editor|Win64.Build.0 = Development|Any CPU
		{2B90A16A-67B6-3555-BF27-7D789CEEFC28}.DebugGame|Win64.ActiveCfg = Development|Any CPU
		{2B90A16A-67B6-3555-BF27-7D789CEEFC28}.DebugGame|Win64.Build.0 = Development|Any CPU
		{2B90A16A-67B6-3555-BF27-7D789CEEFC28}.Development Editor|Win64.ActiveCfg = Development|Any CPU
		{2B90A16A-67B6-3555-BF27-7D789CEEFC28}.Development Editor|Win64.Build.0 = Development|Any CPU
		{2B90A16A-67B6-3555-BF27-7D789CEEFC28}.Development|Win64.ActiveCfg = Development|Any CPU
		{2B90A16A-67B6-3555-BF27-7D789CEEFC28}.Development|Win64.Build.0 = Development|Any CPU
		{2B90A16A-67B6-3555-BF27-7D789CEEFC28}.Shipping|Win64.ActiveCfg = Development|Any CPU
		{2B90A16A-67B6-3555-BF27-7D789CEEFC28}.Shipping|Win64.Build.0 = Development|Any CPU
		{1686C890-DF7A-3116-BAAA-EE5E443A52AA}.DebugGame Editor|Win64.ActiveCfg = Development|Any CPU
		{1686C890-DF7A-3116-BAAA-EE5E443A52AA}.DebugGame Editor|Win64.Build.0 = Development|Any CPU
		{1686C890-DF7A-3116-BAAA-EE5E443A52AA}.DebugGame|Win64.ActiveCfg = Development|Any CPU
		{1686C890-DF7A-3116-BAAA-EE5E443A52AA}.DebugGame|Win64.Build.0 = Development|Any CPU
		{1686C890-DF7A-3116-BAAA-EE5E443A52AA}.Development Editor|Win64.ActiveCfg = Development|Any CPU
		{1686C890-DF7A-3116-BAAA-EE5E443A52AA}.Development Editor|Win64.Build.0 = Development|Any CPU
		{1686C890-DF7A-3116-BAAA-EE5E443A52AA}.Development|Win64.ActiveCfg = Development|Any CPU
		{1686C890-DF7A-3116-BAAA-EE5E443A52AA}.Development|Win64.Build.0 = Development|Any CPU
		{1686C890-DF7A-3116-BAAA-EE5E443A52AA}.Shipping|Win64.ActiveCfg = Development|Any CPU
		{1686C890-DF7A-3116-BAAA-EE5E443A52AA}.Shipping|Win64.Build.0 = Development|Any CPU
		{ED915C36-7F52-3164-9AFD-1A6ECCDDF6DB}.DebugGame Editor|Win64.ActiveCfg = Development|Any CPU
		{ED915C36-7F52-3164-9AFD-1A6ECCDDF6DB}.DebugGame Editor|Win64.Build.0 = Development|Any CPU
		{ED915C36-7F52-3164-9AFD-1A6ECCDDF6DB}.DebugGame|Win64.ActiveCfg = Development|Any CPU
		{ED915C36-7F52-3164-9AFD-1A6ECCDDF6DB}.DebugGame|Win64.Build.0 = Development|Any CPU
		{ED915C36-7F52-3164-9AFD-1A6ECCDDF6DB}.Development Editor|Win64.ActiveCfg = Development|Any CPU
		{ED915C36-7F52-3164-9AFD-1A6ECCDDF6DB}.Development Editor|Win64.Build.0 = Development|Any CPU
		{ED915C36-7F52-3164-9AFD-1A6ECCDDF6DB}.Development|Win64.ActiveCfg = Development|Any CPU
		{ED915C36-7F52-3164-9AFD-1A6ECCDDF6DB}.Development|Win64.Build.0 = Development|Any CPU
		{ED915C36-7F52-3164-9AFD-1A6ECCDDF6DB}.Shipping|Win64.ActiveCfg = Development|Any CPU
		{ED915C36-7F52-3164-9AFD-1A6ECCDDF6DB}.Shipping|Win64.Build.0 = Development|Any CPU
		{F3136B2F-C7A1-3C69-AC97-F1C4F4E28270}.DebugGame Editor|Win64.ActiveCfg = Development|Any CPU
		{F3136B2F-C7A1-3C69-AC97-F1C4F4E28270}.DebugGame Editor|Win64.Build.0 = Development|Any CPU
		{F3136B2F-C7A1-3C69-AC97-F1C4F4E28270}.DebugGame|Win64.ActiveCfg = Development|Any CPU
		{F3136B2F-C7A1-3C69-AC97-F1C4F4E28270}.DebugGame|Win64.Build.0 = Development|Any CPU
		{F3136B2F-C7A1-3C69-AC97-F1C4F4E28270}.Development Editor|Win64.ActiveCfg = Development|Any CPU
		{F3136B2F-C7A1-3C69-AC97-F1C4F4E28270}.Development Editor|Win64.Build.0 = Development|Any CPU
		{F3136B2F-C7A1-3C69-AC97-F1C4F4E28270}.Development|Win64.ActiveCfg = Development|Any CPU
		{F3136B2F-C7A1-3C69-AC97-F1C4F4E28270}.Development|Win64.Build.0 = Development|Any CPU
		{F3136B2F-C7A1-3C69-AC97-F1C4F4E28270}.Shipping|Win64.ActiveCfg = Development|Any CPU
		{F3136B2F-C7A1-3C69-AC97-F1C4F4E28270}.Shipping|Win64.Build.0 = Development|Any CPU
		{0EB8D180-6C0F-3B21-A83E-078EC4B9D8DE}.DebugGame Editor|Win64.ActiveCfg = Development|Any CPU
		{0EB8D180-6C0F-3B21-A83E-078EC4B9D8DE}.DebugGame Editor|Win64.Build.0 = Development|Any CPU
		{0EB8D180-6C0F-3B21-A83E-078EC4B9D8DE}.DebugGame|Win64.ActiveCfg = Development|Any CPU
		{0EB8D180-6C0F-3B21-A83E-078EC4B9D8DE}.DebugGame|Win64.Build.0 = Development|Any CPU
		{0EB8D180-6C0F-3B21-A83E-078EC4B9D8DE}.Development Editor|Win64.ActiveCfg = Development|Any CPU
		{0EB8D180-6C0F-3B21-A83E-078EC4B9D8DE}.Development Editor|Win64.Build.0 = Development|Any CPU
		{0EB8D180-6C0F-3B21-A83E-078EC4B9D8DE}.Development|Win64.ActiveCfg = Development|Any CPU
		{0EB8D180-6C0F-3B21-A83E-078EC4B9D8DE}.Development|Win64.Build.0 = Development|Any CPU
		{0EB8D180-6C0F-3B21-A83E-078EC4B9D8DE}.Shipping|Win64.ActiveCfg = Development|Any CPU
		{0EB8D180-6C0F-3B21-A83E-078EC4B9D8DE}.Shipping|Win64.Build.0 = Development|Any CPU
		{792C947A-B4C9-3A62-ACE7-C260B8377361}.DebugGame Editor|Win64.ActiveCfg = Development|Any CPU
		{792C947A-B4C9-3A62-ACE7-C260B8377361}.DebugGame Editor|Win64.Build.0 = Development|Any CPU
		{792C947A-B4C9-3A62-ACE7-C260B8377361}.DebugGame|Win64.ActiveCfg = Development|Any CPU
		{792C947A-B4C9-3A62-ACE7-C260B8377361}.DebugGame|Win64.Build.0 = Development|Any CPU
		{792C947A-B4C9-3A62-ACE7-C260B8377361}.Development Editor|Win64.ActiveCfg = Development|Any CPU
		{792C947A-B4C9-3A62-ACE7-C260B8377361}.Development Editor|Win64.Build.0 = Development|Any CPU
		{792C947A-B4C9-3A62-ACE7-C260B8377361}.Development|Win64.ActiveCfg = Development|Any CPU
		{792C947A-B4C9-3A62-ACE7-C260B8377361}.Development|Win64.Build.0 = Development|Any CPU
		{792C947A-B4C9-3A62-ACE7-C260B8377361}.Shipping|Win64.ActiveCfg = Development|Any CPU
		{792C947A-B4C9-3A62-ACE7-C260B8377361}.Shipping|Win64.Build.0 = Development|Any CPU
		{6FCF203C-105D-3E7D-89EE-7F980DE0ED62}.DebugGame Editor|Win64.ActiveCfg = Development|Any CPU
		{6FCF203C-105D-3E7D-89EE-7F980DE0ED62}.DebugGame Editor|Win64.Build.0 = Development|Any CPU
		{6FCF203C-105D-3E7D-89EE-7F980DE0ED62}.DebugGame|Win64.ActiveCfg = Development|Any CPU
		{6FCF203C-105D-3E7D-89EE-7F980DE0ED62}.DebugGame|Win64.Build.0 = Development|Any CPU
		{6FCF203C-105D-3E7D-89EE-7F980DE0ED62}.Development Editor|Win64.ActiveCfg = Development|Any CPU
		{6FCF203C-105D-3E7D-89EE-7F980DE0ED62}.Development Editor|Win64.Build.0 = Development|Any CPU
		{6FCF203C-105D-3E7D-89EE-7F980DE0ED62}.Development|Win64.ActiveCfg = Development|Any CPU
		{6FCF203C-105D-3E7D-89EE-7F980DE0ED62}.Development|Win64.Build.0 = Development|Any CPU
		{6FCF203C-105D-3E7D-89EE-7F980DE0ED62}.Shipping|Win64.ActiveCfg = Development|Any CPU
		{6FCF203C-105D-3E7D-89EE-7F980DE0ED62}.Shipping|Win64.Build.0 = Development|Any CPU
		{07A701B4-8F4B-315F-A37B-215C80F32CC9}.DebugGame Editor|Win64.ActiveCfg = Development|Any CPU
		{07A701B4-8F4B-315F-A37B-215C80F32CC9}.DebugGame Editor|Win64.Build.0 = Development|Any CPU
		{07A701B4-8F4B-315F-A37B-215C80F32CC9}.DebugGame|Win64.ActiveCfg = Development|Any CPU
		{07A701B4-8F4B-315F-A37B-215C80F32CC9}.DebugGame|Win64.Build.0 = Development|Any CPU
		{07A701B4-8F4B-315F-A37B-215C80F32CC9}.Development Editor|Win64.ActiveCfg = Development|Any CPU
		{07A701B4-8F4B-315F-A37B-215C80F32CC9}.Development Editor|Win64.Build.0 = Development|Any CPU
		{07A701B4-8F4B-315F-A37B-215C80F32CC9}.Development|Win64.ActiveCfg = Development|Any CPU
		{07A701B4-8F4B-315F-A37B-215C80F32CC9}.Development|Win64.Build.0 = Development|Any CPU
		{07A701B4-8F4B-315F-A37B-215C80F32CC9}.Shipping|Win64.ActiveCfg = Development|Any CPU
		{07A701B4-8F4B-315F-A37B-215C80F32CC9}.Shipping|Win64.Build.0 = Development|Any CPU
		{3C0B9935-6534-336F-A37E-86F11EEFC790}.DebugGame Editor|Win64.ActiveCfg = Development|Any CPU
		{3C0B9935-6534-336F-A37E-86F11EEFC790}.DebugGame Editor|Win64.Build.0 = Development|Any CPU
		{3C0B9935-6534-336F-A37E-86F11EEFC790}.DebugGame|Win64.ActiveCfg = Development|Any CPU
		{3C0B9935-6534-336F-A37E-86F11EEFC790}.DebugGame|Win64.Build.0 = Development|Any CPU
		{3C0B9935-6534-336F-A37E-86F11EEFC790}.Development Editor|Win64.ActiveCfg = Development|Any CPU
		{3C0B9935-6534-336F-A37E-86F11EEFC790}.Development Editor|Win64.Build.0 = Development|Any CPU
		{3C0B9935-6534-336F-A37E-86F11EEFC790}.Development|Win64.ActiveCfg = Development|Any CPU
		{3C0B9935-6534-336F-A37E-86F11EEFC790}.Development|Win64.Build.0 = Development|Any CPU
		{3C0B9935-6534-336F-A37E-86F11EEFC790}.Shipping|Win64.ActiveCfg = Development|Any CPU
		{3C0B9935-6534-336F-A37E-86F11EEFC790}.Shipping|Win64.Build.0 = Development|Any CPU
		{296D47AD-32B9-33CF-86CC-F770A9B0503E}.DebugGame Editor|Win64.ActiveCfg = Development|Any CPU
		{296D47AD-32B9-33CF-86CC-F770A9B0503E}.DebugGame Editor|Win64.Build.0 = Development|Any CPU
		{296D47AD-32B9-33CF-86CC-F770A9B0503E}.DebugGame|Win64.ActiveCfg = Development|Any CPU
		{296D47AD-32B9-33CF-86CC-F770A9B0503E}.DebugGame|Win64.Build.0 = Development|Any CPU
		{296D47AD-32B9-33CF-86CC-F770A9B0503E}.Development Editor|Win64.ActiveCfg = Development|Any CPU
		{296D47AD-32B9-33CF-86CC-F770A9B0503E}.Development Editor|Win64.Build.0 = Development|Any CPU
		{296D47AD-32B9-33CF-86CC-F770A9B0503E}.Development|Win64.ActiveCfg = Development|Any CPU
		{296D47AD-32B9-33CF-86CC-F770A9B0503E}.Development|Win64.Build.0 = Development|Any CPU
		{296D47AD-32B9-33CF-86CC-F770A9B0503E}.Shipping|Win64.ActiveCfg = Development|Any CPU
		{296D47AD-32B9-33CF-86CC-F770A9B0503E}.Shipping|Win64.Build.0 = Development|Any CPU
		{3252FAE0-FC09-302E-A8DA-DDC1A28F04D9}.DebugGame Editor|Win64.ActiveCfg = Development|Any CPU
		{3252FAE0-FC09-302E-A8DA-DDC1A28F04D9}.DebugGame Editor|Win64.Build.0 = Development|Any CPU
		{3252FAE0-FC09-302E-A8DA-DDC1A28F04D9}.DebugGame|Win64.ActiveCfg = Development|Any CPU
		{3252FAE0-FC09-302E-A8DA-DDC1A28F04D9}.DebugGame|Win64.Build.0 = Development|Any CPU
		{3252FAE0-FC09-302E-A8DA-DDC1A28F04D9}.Development Editor|Win64.ActiveCfg = Development|Any CPU
		{3252FAE0-FC09-302E-A8DA-DDC1A28F04D9}.Development Editor|Win64.Build.0 = Development|Any CPU
		{3252FAE0-FC09-302E-A8DA-DDC1A28F04D9}.Development|Win64.ActiveCfg = Development|Any CPU
		{3252FAE0-FC09-302E-A8DA-DDC1A28F04D9}.Development|Win64.Build.0 = Development|Any CPU
		{3252FAE0-FC09-302E-A8DA-DDC1A28F04D9}.Shipping|Win64.ActiveCfg = Development|Any CPU
		{3252FAE0-FC09-302E-A8DA-DDC1A28F04D9}.Shipping|Win64.Build.0 = Development|Any CPU
		{4AEBFD7D-7DC6-35DF-9236-A878FC7C237D}.DebugGame Editor|Win64.ActiveCfg = Development|Any CPU
		{4AEBFD7D-7DC6-35DF-9236-A878FC7C237D}.DebugGame Editor|Win64.Build.0 = Development|Any CPU
		{4AEBFD7D-7DC6-35DF-9236-A878FC7C237D}.DebugGame|Win64.ActiveCfg = Development|Any CPU
		{4AEBFD7D-7DC6-35DF-9236-A878FC7C237D}.DebugGame|Win64.Build.0 = Development|Any CPU
		{4AEBFD7D-7DC6-35DF-9236-A878FC7C237D}.Development Editor|Win64.ActiveCfg = Development|Any CPU
		{4AEBFD7D-7DC6-35DF-9236-A878FC7C237D}.Development Editor|Win64.Build.0 = Development|Any CPU
		{4AEBFD7D-7DC6-35DF-9236-A878FC7C237D}.Development|Win64.ActiveCfg = Development|Any CPU
		{4AEBFD7D-7DC6-35DF-9236-A878FC7C237D}.Development|Win64.Build.0 = Development|Any CPU
		{4AEBFD7D-7DC6-35DF-9236-A878FC7C237D}.Shipping|Win64.ActiveCfg = Development|Any CPU
		{4AEBFD7D-7DC6-35DF-9236-A878FC7C237D}.Shipping|Win64.Build.0 = Development|Any CPU
		{5B1AAECD-0289-37EC-8011-8EAB8C838045}.DebugGame Editor|Win64.ActiveCfg = Development|Any CPU
		{5B1AAECD-0289-37EC-8011-8EAB8C838045}.DebugGame Editor|Win64.Build.0 = Development|Any CPU
		{5B1AAECD-0289-37EC-8011-8EAB8C838045}.DebugGame|Win64.ActiveCfg = Development|Any CPU
		{5B1AAECD-0289-37EC-8011-8EAB8C838045}.DebugGame|Win64.Build.0 = Development|Any CPU
		{5B1AAECD-0289-37EC-8011-8EAB8C838045}.Development Editor|Win64.ActiveCfg = Development|Any CPU
		{5B1AAECD-0289-37EC-8011-8EAB8C838045}.Development Editor|Win64.Build.0 = Development|Any CPU
		{5B1AAECD-0289-37EC-8011-8EAB8C838045}.Development|Win64.ActiveCfg = Development|Any CPU
		{5B1AAECD-0289-37EC-8011-8EAB8C838045}.Development|Win64.Build.0 = Development|Any CPU
		{5B1AAECD-0289-37EC-8011-8EAB8C838045}.Shipping|Win64.ActiveCfg = Development|Any CPU
		{5B1AAECD-0289-37EC-8011-8EAB8C838045}.Shipping|Win64.Build.0 = Development|Any CPU
		{68B05214-1205-3F1F-9796-741D949B8E22}.DebugGame Editor|Win64.ActiveCfg = Development|Any CPU
		{68B05214-1205-3F1F-9796-741D949B8E22}.DebugGame Editor|Win64.Build.0 = Development|Any CPU
		{68B05214-1205-3F1F-9796-741D949B8E22}.DebugGame|Win64.ActiveCfg = Development|Any CPU
		{68B05214-1205-3F1F-9796-741D949B8E22}.DebugGame|Win64.Build.0 = Development|Any CPU
		{68B05214-1205-3F1F-9796-741D949B8E22}.Development Editor|Win64.ActiveCfg = Development|Any CPU
		{68B05214-1205-3F1F-9796-741D949B8E22}.Development Editor|Win64.Build.0 = Development|Any CPU
		{68B05214-1205-3F1F-9796-741D949B8E22}.Development|Win64.ActiveCfg = Development|Any CPU
		{68B05214-1205-3F1F-9796-741D949B8E22}.Development|Win64.Build.0 = Development|Any CPU
		{68B05214-1205-3F1F-9796-741D949B8E22}.Shipping|Win64.ActiveCfg = Development|Any CPU
		{68B05214-1205-3F1F-9796-741D949B8E22}.Shipping|Win64.Build.0 = Development|Any CPU
		{98ED9614-B8DC-3A85-9034-A0DEBDCA28EA}.DebugGame Editor|Win64.ActiveCfg = Development|Any CPU
		{98ED9614-B8DC-3A85-9034-A0DEBDCA28EA}.DebugGame Editor|Win64.Build.0 = Development|Any CPU
		{98ED9614-B8DC-3A85-9034-A0DEBDCA28EA}.DebugGame|Win64.ActiveCfg = Development|Any CPU
		{98ED9614-B8DC-3A85-9034-A0DEBDCA28EA}.DebugGame|Win64.Build.0 = Development|Any CPU
		{98ED9614-B8DC-3A85-9034-A0DEBDCA28EA}.Development Editor|Win64.ActiveCfg = Development|Any CPU
		{98ED9614-B8DC-3A85-9034-A0DEBDCA28EA}.Development Editor|Win64.Build.0 = Development|Any CPU
		{98ED9614-B8DC-3A85-9034-A0DEBDCA28EA}.Development|Win64.ActiveCfg = Development|Any CPU
		{98ED9614-B8DC-3A85-9034-A0DEBDCA28EA}.Development|Win64.Build.0 = Development|Any CPU
		{98ED9614-B8DC-3A85-9034-A0DEBDCA28EA}.Shipping|Win64.ActiveCfg = Development|Any CPU
		{98ED9614-B8DC-3A85-9034-A0DEBDCA28EA}.Shipping|Win64.Build.0 = Development|Any CPU
		{B1330E55-0C6E-351E-B8DF-9293AC9B4BCE}.DebugGame Editor|Win64.ActiveCfg = Development|Any CPU
		{B1330E55-0C6E-351E-B8DF-9293AC9B4BCE}.DebugGame Editor|Win64.Build.0 = Development|Any CPU
		{B1330E55-0C6E-351E-B8DF-9293AC9B4BCE}.DebugGame|Win64.ActiveCfg = Development|Any CPU
		{B1330E55-0C6E-351E-B8DF-9293AC9B4BCE}.DebugGame|Win64.Build.0 = Development|Any CPU
		{B1330E55-0C6E-351E-B8DF-9293AC9B4BCE}.Development Editor|Win64.ActiveCfg = Development|Any CPU
		{B1330E55-0C6E-351E-B8DF-9293AC9B4BCE}.Development Editor|Win64.Build.0 = Development|Any CPU
		{B1330E55-0C6E-351E-B8DF-9293AC9B4BCE}.Development|Win64.ActiveCfg = Development|Any CPU
		{B1330E55-0C6E-351E-B8DF-9293AC9B4BCE}.Development|Win64.Build.0 = Development|Any CPU
		{B1330E55-0C6E-351E-B8DF-9293AC9B4BCE}.Shipping|Win64.ActiveCfg = Development|Any CPU
		{B1330E55-0C6E-351E-B8DF-9293AC9B4BCE}.Shipping|Win64.Build.0 = Development|Any CPU
		{333C1318-64C5-3307-B903-8738B9C7D00D}.DebugGame Editor|Win64.ActiveCfg = Development|Any CPU
		{333C1318-64C5-3307-B903-8738B9C7D00D}.DebugGame Editor|Win64.Build.0 = Development|Any CPU
		{333C1318-64C5-3307-B903-8738B9C7D00D}.DebugGame|Win64.ActiveCfg = Development|Any CPU
		{333C1318-64C5-3307-B903-8738B9C7D00D}.DebugGame|Win64.Build.0 = Development|Any CPU
		{333C1318-64C5-3307-B903-8738B9C7D00D}.Development Editor|Win64.ActiveCfg = Development|Any CPU
		{333C1318-64C5-3307-B903-8738B9C7D00D}.Development Editor|Win64.Build.0 = Development|Any CPU
		{333C1318-64C5-3307-B903-8738B9C7D00D}.Development|Win64.ActiveCfg = Development|Any CPU
		{333C1318-64C5-3307-B903-8738B9C7D00D}.Development|Win64.Build.0 = Development|Any CPU
		{333C1318-64C5-3307-B903-8738B9C7D00D}.Shipping|Win64.ActiveCfg = Development|Any CPU
		{333C1318-64C5-3307-B903-8738B9C7D00D}.Shipping|Win64.Build.0 = Development|Any CPU
		{9AFAC14F-3D0A-3550-9B01-AC80DF7FF265}.DebugGame Editor|Win64.ActiveCfg = Development|Any CPU
		{9AFAC14F-3D0A-3550-9B01-AC80DF7FF265}.DebugGame Editor|Win64.Build.0 = Development|Any CPU
		{9AFAC14F-3D0A-3550-9B01-AC80DF7FF265}.DebugGame|Win64.ActiveCfg = Development|Any CPU
		{9AFAC14F-3D0A-3550-9B01-AC80DF7FF265}.DebugGame|Win64.Build.0 = Development|Any CPU
		{9AFAC14F-3D0A-3550-9B01-AC80DF7FF265}.Development Editor|Win64.ActiveCfg = Development|Any CPU
		{9AFAC14F-3D0A-3550-9B01-AC80DF7FF265}.Development Editor|Win64.Build.0 = Development|Any CPU
		{9AFAC14F-3D0A-3550-9B01-AC80DF7FF265}.Development|Win64.ActiveCfg = Development|Any CPU
		{9AFAC14F-3D0A-3550-9B01-AC80DF7FF265}.Development|Win64.Build.0 = Development|Any CPU
		{9AFAC14F-3D0A-3550-9B01-AC80DF7FF265}.Shipping|Win64.ActiveCfg = Development|Any CPU
		{9AFAC14F-3D0A-3550-9B01-AC80DF7FF265}.Shipping|Win64.Build.0 = Development|Any CPU
		{6A400ED1-CBED-3D1C-961C-0D28CF7CF920}.DebugGame Editor|Win64.ActiveCfg = Development|Any CPU
		{6A400ED1-CBED-3D1C-961C-0D28CF7CF920}.DebugGame Editor|Win64.Build.0 = Development|Any CPU
		{6A400ED1-CBED-3D1C-961C-0D28CF7CF920}.DebugGame|Win64.ActiveCfg = Development|Any CPU
		{6A400ED1-CBED-3D1C-961C-0D28CF7CF920}.DebugGame|Win64.Build.0 = Development|Any CPU
		{6A400ED1-CBED-3D1C-961C-0D28CF7CF920}.Development Editor|Win64.ActiveCfg = Development|Any CPU
		{6A400ED1-CBED-3D1C-961C-0D28CF7CF920}.Development Editor|Win64.Build.0 = Development|Any CPU
		{6A400ED1-CBED-3D1C-961C-0D28CF7CF920}.Development|Win64.ActiveCfg = Development|Any CPU
		{6A400ED1-CBED-3D1C-961C-0D28CF7CF920}.Development|Win64.Build.0 = Development|Any CPU
		{6A400ED1-CBED-3D1C-961C-0D28CF7CF920}.Shipping|Win64.ActiveCfg = Development|Any CPU
		{6A400ED1-CBED-3D1C-961C-0D28CF7CF920}.Shipping|Win64.Build.0 = Development|Any CPU
		{B541E842-DE40-3A2A-8489-404EEF648829}.DebugGame Editor|Win64.ActiveCfg = Development|Any CPU
		{B541E842-DE40-3A2A-8489-404EEF648829}.DebugGame Editor|Win64.Build.0 = Development|Any CPU
		{B541E842-DE40-3A2A-8489-404EEF648829}.DebugGame|Win64.ActiveCfg = Development|Any CPU
		{B541E842-DE40-3A2A-8489-404EEF648829}.DebugGame|Win64.Build.0 = Development|Any CPU
		{B541E842-DE40-3A2A-8489-404EEF648829}.Development Editor|Win64.ActiveCfg = Development|Any CPU
		{B541E842-DE40-3A2A-8489-404EEF648829}.Development Editor|Win64.Build.0 = Development|Any CPU
		{B541E842-DE40-3A2A-8489-404EEF648829}.Development|Win64.ActiveCfg = Development|Any CPU
		{B541E842-DE40-3A2A-8489-404EEF648829}.Development|Win64.Build.0 = Development|Any CPU
		{B541E842-DE40-3A2A-8489-404EEF648829}.Shipping|Win64.ActiveCfg = Development|Any CPU
		{B541E842-DE40-3A2A-8489-404EEF648829}.Shipping|Win64.Build.0 = Development|Any CPU
		{66677257-F004-3ED8-AD21-8B11F046DDE3}.DebugGame Editor|Win64.ActiveCfg = Development|Any CPU
		{66677257-F004-3ED8-AD21-8B11F046DDE3}.DebugGame Editor|Win64.Build.0 = Development|Any CPU
		{66677257-F004-3ED8-AD21-8B11F046DDE3}.DebugGame|Win64.ActiveCfg = Development|Any CPU
		{66677257-F004-3ED8-AD21-8B11F046DDE3}.DebugGame|Win64.Build.0 = Development|Any CPU
		{66677257-F004-3ED8-AD21-8B11F046DDE3}.Development Editor|Win64.ActiveCfg = Development|Any CPU
		{66677257-F004-3ED8-AD21-8B11F046DDE3}.Development Editor|Win64.Build.0 = Development|Any CPU
		{66677257-F004-3ED8-AD21-8B11F046DDE3}.Development|Win64.ActiveCfg = Development|Any CPU
		{66677257-F004-3ED8-AD21-8B11F046DDE3}.Development|Win64.Build.0 = Development|Any CPU
		{66677257-F004-3ED8-AD21-8B11F046DDE3}.Shipping|Win64.ActiveCfg = Development|Any CPU
		{66677257-F004-3ED8-AD21-8B11F046DDE3}.Shipping|Win64.Build.0 = Development|Any CPU
		{3C6B466B-8D29-3668-A656-08D7C42BA53C}.DebugGame Editor|Win64.ActiveCfg = Development|Any CPU
		{3C6B466B-8D29-3668-A656-08D7C42BA53C}.DebugGame Editor|Win64.Build.0 = Development|Any CPU
		{3C6B466B-8D29-3668-A656-08D7C42BA53C}.DebugGame|Win64.ActiveCfg = Development|Any CPU
		{3C6B466B-8D29-3668-A656-08D7C42BA53C}.DebugGame|Win64.Build.0 = Development|Any CPU
		{3C6B466B-8D29-3668-A656-08D7C42BA53C}.Development Editor|Win64.ActiveCfg = Development|Any CPU
		{3C6B466B-8D29-3668-A656-08D7C42BA53C}.Development Editor|Win64.Build.0 = Development|Any CPU
		{3C6B466B-8D29-3668-A656-08D7C42BA53C}.Development|Win64.ActiveCfg = Development|Any CPU
		{3C6B466B-8D29-3668-A656-08D7C42BA53C}.Development|Win64.Build.0 = Development|Any CPU
		{3C6B466B-8D29-3668-A656-08D7C42BA53C}.Shipping|Win64.ActiveCfg = Development|Any CPU
		{3C6B466B-8D29-3668-A656-08D7C42BA53C}.Shipping|Win64.Build.0 = Development|Any CPU
		{66ECB8D9-8AF1-321C-BAA6-4C738A20F637}.DebugGame Editor|Win64.ActiveCfg = Development|Any CPU
		{66ECB8D9-8AF1-321C-BAA6-4C738A20F637}.DebugGame Editor|Win64.Build.0 = Development|Any CPU
		{66ECB8D9-8AF1-321C-BAA6-4C738A20F637}.DebugGame|Win64.ActiveCfg = Development|Any CPU
		{66ECB8D9-8AF1-321C-BAA6-4C738A20F637}.DebugGame|Win64.Build.0 = Development|Any CPU
		{66ECB8D9-8AF1-321C-BAA6-4C738A20F637}.Development Editor|Win64.ActiveCfg = Development|Any CPU
		{66ECB8D9-8AF1-321C-BAA6-4C738A20F637}.Development Editor|Win64.Build.0 = Development|Any CPU
		{66ECB8D9-8AF1-321C-BAA6-4C738A20F637}.Development|Win64.ActiveCfg = Development|Any CPU
		{66ECB8D9-8AF1-321C-BAA6-4C738A20F637}.Development|Win64.Build.0 = Development|Any CPU
		{66ECB8D9-8AF1-321C-BAA6-4C738A20F637}.Shipping|Win64.ActiveCfg = Development|Any CPU
		{66ECB8D9-8AF1-321C-BAA6-4C738A20F637}.Shipping|Win64.Build.0 = Development|Any CPU
		{7E1A7DDC-2462-3ABC-9811-CED3D40FC9E3}.DebugGame Editor|Win64.ActiveCfg = Development|Any CPU
		{7E1A7DDC-2462-3ABC-9811-CED3D40FC9E3}.DebugGame Editor|Win64.Build.0 = Development|Any CPU
		{7E1A7DDC-2462-3ABC-9811-CED3D40FC9E3}.DebugGame|Win64.ActiveCfg = Development|Any CPU
		{7E1A7DDC-2462-3ABC-9811-CED3D40FC9E3}.DebugGame|Win64.Build.0 = Development|Any CPU
		{7E1A7DDC-2462-3ABC-9811-CED3D40FC9E3}.Development Editor|Win64.ActiveCfg = Development|Any CPU
		{7E1A7DDC-2462-3ABC-9811-CED3D40FC9E3}.Development Editor|Win64.Build.0 = Development|Any CPU
		{7E1A7DDC-2462-3ABC-9811-CED3D40FC9E3}.Development|Win64.ActiveCfg = Development|Any CPU
		{7E1A7DDC-2462-3ABC-9811-CED3D40FC9E3}.Development|Win64.Build.0 = Development|Any CPU
		{7E1A7DDC-2462-3ABC-9811-CED3D40FC9E3}.Shipping|Win64.ActiveCfg = Development|Any CPU
		{7E1A7DDC-2462-3ABC-9811-CED3D40FC9E3}.Shipping|Win64.Build.0 = Development|Any CPU
		{4F1F63C4-B9AD-3263-846D-AFB93EC05F0F}.DebugGame Editor|Win64.ActiveCfg = Development|Any CPU
		{4F1F63C4-B9AD-3263-846D-AFB93EC05F0F}.DebugGame Editor|Win64.Build.0 = Development|Any CPU
		{4F1F63C4-B9AD-3263-846D-AFB93EC05F0F}.DebugGame|Win64.ActiveCfg = Development|Any CPU
		{4F1F63C4-B9AD-3263-846D-AFB93EC05F0F}.DebugGame|Win64.Build.0 = Development|Any CPU
		{4F1F63C4-B9AD-3263-846D-AFB93EC05F0F}.Development Editor|Win64.ActiveCfg = Development|Any CPU
		{4F1F63C4-B9AD-3263-846D-AFB93EC05F0F}.Development Editor|Win64.Build.0 = Development|Any CPU
		{4F1F63C4-B9AD-3263-846D-AFB93EC05F0F}.Development|Win64.ActiveCfg = Development|Any CPU
		{4F1F63C4-B9AD-3263-846D-AFB93EC05F0F}.Development|Win64.Build.0 = Development|Any CPU
		{4F1F63C4-B9AD-3263-846D-AFB93EC05F0F}.Shipping|Win64.ActiveCfg = Development|Any CPU
		{4F1F63C4-B9AD-3263-846D-AFB93EC05F0F}.Shipping|Win64.Build.0 = Development|Any CPU
		{3D06AEB8-D810-3D25-93B2-12B28B7F3FBB}.DebugGame Editor|Win64.ActiveCfg = Development|Any CPU
		{3D06AEB8-D810-3D25-93B2-12B28B7F3FBB}.DebugGame Editor|Win64.Build.0 = Development|Any CPU
		{3D06AEB8-D810-3D25-93B2-12B28B7F3FBB}.DebugGame|Win64.ActiveCfg = Development|Any CPU
		{3D06AEB8-D810-3D25-93B2-12B28B7F3FBB}.DebugGame|Win64.Build.0 = Development|Any CPU
		{3D06AEB8-D810-3D25-93B2-12B28B7F3FBB}.Development Editor|Win64.ActiveCfg = Development|Any CPU
		{3D06AEB8-D810-3D25-93B2-12B28B7F3FBB}.Development Editor|Win64.Build.0 = Development|Any CPU
		{3D06AEB8-D810-3D25-93B2-12B28B7F3FBB}.Development|Win64.ActiveCfg = Development|Any CPU
		{3D06AEB8-D810-3D25-93B2-12B28B7F3FBB}.Development|Win64.Build.0 = Development|Any CPU
		{3D06AEB8-D810-3D25-93B2-12B28B7F3FBB}.Shipping|Win64.ActiveCfg = Development|Any CPU
		{3D06AEB8-D810-3D25-93B2-12B28B7F3FBB}.Shipping|Win64.Build.0 = Development|Any CPU
		{D9905CF5-A952-3DCF-AE17-A73F82ED9382}.DebugGame Editor|Win64.ActiveCfg = Development|Any CPU
		{D9905CF5-A952-3DCF-AE17-A73F82ED9382}.DebugGame Editor|Win64.Build.0 = Development|Any CPU
		{D9905CF5-A952-3DCF-AE17-A73F82ED9382}.DebugGame|Win64.ActiveCfg = Development|Any CPU
		{D9905CF5-A952-3DCF-AE17-A73F82ED9382}.DebugGame|Win64.Build.0 = Development|Any CPU
		{D9905CF5-A952-3DCF-AE17-A73F82ED9382}.Development Editor|Win64.ActiveCfg = Development|Any CPU
		{D9905CF5-A952-3DCF-AE17-A73F82ED9382}.Development Editor|Win64.Build.0 = Development|Any CPU
		{D9905CF5-A952-3DCF-AE17-A73F82ED9382}.Development|Win64.ActiveCfg = Development|Any CPU
		{D9905CF5-A952-3DCF-AE17-A73F82ED9382}.Development|Win64.Build.0 = Development|Any CPU
		{D9905CF5-A952-3DCF-AE17-A73F82ED9382}.Shipping|Win64.ActiveCfg = Development|Any CPU
		{D9905CF5-A952-3DCF-AE17-A73F82ED9382}.Shipping|Win64.Build.0 = Development|Any CPU
		{B5D2CDD1-F4B4-3DA3-A558-2DE5F8101942}.DebugGame Editor|Win64.ActiveCfg = Development|Any CPU
		{B5D2CDD1-F4B4-3DA3-A558-2DE5F8101942}.DebugGame Editor|Win64.Build.0 = Development|Any CPU
		{B5D2CDD1-F4B4-3DA3-A558-2DE5F8101942}.DebugGame|Win64.ActiveCfg = Development|Any CPU
		{B5D2CDD1-F4B4-3DA3-A558-2DE5F8101942}.DebugGame|Win64.Build.0 = Development|Any CPU
		{B5D2CDD1-F4B4-3DA3-A558-2DE5F8101942}.Development Editor|Win64.ActiveCfg = Development|Any CPU
		{B5D2CDD1-F4B4-3DA3-A558-2DE5F8101942}.Development Editor|Win64.Build.0 = Development|Any CPU
		{B5D2CDD1-F4B4-3DA3-A558-2DE5F8101942}.Development|Win64.ActiveCfg = Development|Any CPU
		{B5D2CDD1-F4B4-3DA3-A558-2DE5F8101942}.Development|Win64.Build.0 = Development|Any CPU
		{B5D2CDD1-F4B4-3DA3-A558-2DE5F8101942}.Shipping|Win64.ActiveCfg = Development|Any CPU
		{B5D2CDD1-F4B4-3DA3-A558-2DE5F8101942}.Shipping|Win64.Build.0 = Development|Any CPU
		{EA2C70F9-4A19-38E3-9A07-AC3FE17BED06}.DebugGame Editor|Win64.ActiveCfg = Development|Any CPU
		{EA2C70F9-4A19-38E3-9A07-AC3FE17BED06}.DebugGame Editor|Win64.Build.0 = Development|Any CPU
		{EA2C70F9-4A19-38E3-9A07-AC3FE17BED06}.DebugGame|Win64.ActiveCfg = Development|Any CPU
		{EA2C70F9-4A19-38E3-9A07-AC3FE17BED06}.DebugGame|Win64.Build.0 = Development|Any CPU
		{EA2C70F9-4A19-38E3-9A07-AC3FE17BED06}.Development Editor|Win64.ActiveCfg = Development|Any CPU
		{EA2C70F9-4A19-38E3-9A07-AC3FE17BED06}.Development Editor|Win64.Build.0 = Development|Any CPU
		{EA2C70F9-4A19-38E3-9A07-AC3FE17BED06}.Development|Win64.ActiveCfg = Development|Any CPU
		{EA2C70F9-4A19-38E3-9A07-AC3FE17BED06}.Development|Win64.Build.0 = Development|Any CPU
		{EA2C70F9-4A19-38E3-9A07-AC3FE17BED06}.Shipping|Win64.ActiveCfg = Development|Any CPU
		{EA2C70F9-4A19-38E3-9A07-AC3FE17BED06}.Shipping|Win64.Build.0 = Development|Any CPU
		{C25387C6-E547-30A9-8572-7E2C2B142C46}.DebugGame Editor|Win64.ActiveCfg = Development|Any CPU
		{C25387C6-E547-30A9-8572-7E2C2B142C46}.DebugGame Editor|Win64.Build.0 = Development|Any CPU
		{C25387C6-E547-30A9-8572-7E2C2B142C46}.DebugGame|Win64.ActiveCfg = Development|Any CPU
		{C25387C6-E547-30A9-8572-7E2C2B142C46}.DebugGame|Win64.Build.0 = Development|Any CPU
		{C25387C6-E547-30A9-8572-7E2C2B142C46}.Development Editor|Win64.ActiveCfg = Development|Any CPU
		{C25387C6-E547-30A9-8572-7E2C2B142C46}.Development Editor|Win64.Build.0 = Development|Any CPU
		{C25387C6-E547-30A9-8572-7E2C2B142C46}.Development|Win64.ActiveCfg = Development|Any CPU
		{C25387C6-E547-30A9-8572-7E2C2B142C46}.Development|Win64.Build.0 = Development|Any CPU
		{C25387C6-E547-30A9-8572-7E2C2B142C46}.Shipping|Win64.ActiveCfg = Development|Any CPU
		{C25387C6-E547-30A9-8572-7E2C2B142C46}.Shipping|Win64.Build.0 = Development|Any CPU
		{600C20D6-1597-3597-8BAC-7DFF8A579F7B}.DebugGame Editor|Win64.ActiveCfg = Development|Any CPU
		{600C20D6-1597-3597-8BAC-7DFF8A579F7B}.DebugGame Editor|Win64.Build.0 = Development|Any CPU
		{600C20D6-1597-3597-8BAC-7DFF8A579F7B}.DebugGame|Win64.ActiveCfg = Development|Any CPU
		{600C20D6-1597-3597-8BAC-7DFF8A579F7B}.DebugGame|Win64.Build.0 = Development|Any CPU
		{600C20D6-1597-3597-8BAC-7DFF8A579F7B}.Development Editor|Win64.ActiveCfg = Development|Any CPU
		{600C20D6-1597-3597-8BAC-7DFF8A579F7B}.Development Editor|Win64.Build.0 = Development|Any CPU
		{600C20D6-1597-3597-8BAC-7DFF8A579F7B}.Development|Win64.ActiveCfg = Development|Any CPU
		{600C20D6-1597-3597-8BAC-7DFF8A579F7B}.Development|Win64.Build.0 = Development|Any CPU
		{600C20D6-1597-3597-8BAC-7DFF8A579F7B}.Shipping|Win64.ActiveCfg = Development|Any CPU
		{600C20D6-1597-3597-8BAC-7DFF8A579F7B}.Shipping|Win64.Build.0 = Development|Any CPU
	EndGlobalSection
	GlobalSection(SolutionProperties) = preSolution
		HideSolutionNode = FALSE
	EndGlobalSection
	GlobalSection(NestedProjects) = preSolution
		{AF266CD1-F96A-3C68-9DB0-D319D5F85077} = {233774A8-CC9D-3FA9-86D1-90573E92B704}
		{FBC3AE59-C633-331B-AA02-2538022889ED} = {DE1F8B53-6C02-3C13-9101-A7C8D96F3FF6}
		{31E0AE59-2C91-31D5-B513-65904636A636} = {A338B9E2-A559-34BE-A46D-F789DD488FAD}
		{76137242-66F1-3656-BEBD-1538C04EDF4B} = {A338B9E2-A559-34BE-A46D-F789DD488FAD}
		{0BFBE63A-B98A-3411-8EEB-8918FEC737B3} = {A338B9E2-A559-34BE-A46D-F789DD488FAD}
		{7B5CFB44-F0FB-31DF-AE62-C3C096A29A7B} = {A338B9E2-A559-34BE-A46D-F789DD488FAD}
		{57713676-9DBE-331C-AD10-26632AC9EE0C} = {A338B9E2-A559-34BE-A46D-F789DD488FAD}
		{9AF425BD-0A4E-327E-A5DB-3045C8CA291F} = {0BFBE63A-B98A-3411-8EEB-8918FEC737B3}
		{9742E04F-932E-320D-B140-922D4E93FC53} = {0BFBE63A-B98A-3411-8EEB-8918FEC737B3}
		{08205B29-E854-3378-B942-CFF3162E9E58} = {0BFBE63A-B98A-3411-8EEB-8918FEC737B3}
		{BD572ECA-2572-33DA-ABA6-97805B8E58CC} = {0BFBE63A-B98A-3411-8EEB-8918FEC737B3}
		{42C01907-AF78-3BB3-BDB1-0F16A1C26F7F} = {0BFBE63A-B98A-3411-8EEB-8918FEC737B3}
		{32269843-EAE2-3306-B12C-C72910A34F4A} = {0BFBE63A-B98A-3411-8EEB-8918FEC737B3}
		{FC934975-154B-3601-A9EA-4F3B05BD61CD} = {0BFBE63A-B98A-3411-8EEB-8918FEC737B3}
		{3DB1F9B4-05B7-3595-B667-418DE42F03BE} = {0BFBE63A-B98A-3411-8EEB-8918FEC737B3}
		{D8637894-958B-35A3-9E32-ADDD12AB35BC} = {0BFBE63A-B98A-3411-8EEB-8918FEC737B3}
		{FA6226A4-6E2C-3CBD-9D8A-F3293AB939DA} = {0BFBE63A-B98A-3411-8EEB-8918FEC737B3}
		{0F0513D7-4454-34BE-91E1-9036FAD8031B} = {0BFBE63A-B98A-3411-8EEB-8918FEC737B3}
		{8E2FBCAA-39A9-31FD-818B-A76DC3090B88} = {0BFBE63A-B98A-3411-8EEB-8918FEC737B3}
		{46B8C471-4ED7-3A60-A8FF-25E6F31AE332} = {0BFBE63A-B98A-3411-8EEB-8918FEC737B3}
		{2C2DCE0C-802D-3D5D-869C-FCDCDCAA42DF} = {0BFBE63A-B98A-3411-8EEB-8918FEC737B3}
		{2B90A16A-67B6-3555-BF27-7D789CEEFC28} = {0BFBE63A-B98A-3411-8EEB-8918FEC737B3}
		{1686C890-DF7A-3116-BAAA-EE5E443A52AA} = {0BFBE63A-B98A-3411-8EEB-8918FEC737B3}
		{ED915C36-7F52-3164-9AFD-1A6ECCDDF6DB} = {0BFBE63A-B98A-3411-8EEB-8918FEC737B3}
		{F3136B2F-C7A1-3C69-AC97-F1C4F4E28270} = {0BFBE63A-B98A-3411-8EEB-8918FEC737B3}
		{0EB8D180-6C0F-3B21-A83E-078EC4B9D8DE} = {0BFBE63A-B98A-3411-8EEB-8918FEC737B3}
		{792C947A-B4C9-3A62-ACE7-C260B8377361} = {0BFBE63A-B98A-3411-8EEB-8918FEC737B3}
		{6FCF203C-105D-3E7D-89EE-7F980DE0ED62} = {7B5CFB44-F0FB-31DF-AE62-C3C096A29A7B}
		{07A701B4-8F4B-315F-A37B-215C80F32CC9} = {57713676-9DBE-331C-AD10-26632AC9EE0C}
		{3C0B9935-6534-336F-A37E-86F11EEFC790} = {57713676-9DBE-331C-AD10-26632AC9EE0C}
		{296D47AD-32B9-33CF-86CC-F770A9B0503E} = {57713676-9DBE-331C-AD10-26632AC9EE0C}
		{3252FAE0-FC09-302E-A8DA-DDC1A28F04D9} = {57713676-9DBE-331C-AD10-26632AC9EE0C}
		{4AEBFD7D-7DC6-35DF-9236-A878FC7C237D} = {57713676-9DBE-331C-AD10-26632AC9EE0C}
		{5B1AAECD-0289-37EC-8011-8EAB8C838045} = {57713676-9DBE-331C-AD10-26632AC9EE0C}
		{68B05214-1205-3F1F-9796-741D949B8E22} = {57713676-9DBE-331C-AD10-26632AC9EE0C}
		{98ED9614-B8DC-3A85-9034-A0DEBDCA28EA} = {57713676-9DBE-331C-AD10-26632AC9EE0C}
		{B1330E55-0C6E-351E-B8DF-9293AC9B4BCE} = {57713676-9DBE-331C-AD10-26632AC9EE0C}
		{333C1318-64C5-3307-B903-8738B9C7D00D} = {57713676-9DBE-331C-AD10-26632AC9EE0C}
		{9AFAC14F-3D0A-3550-9B01-AC80DF7FF265} = {57713676-9DBE-331C-AD10-26632AC9EE0C}
		{6A400ED1-CBED-3D1C-961C-0D28CF7CF920} = {57713676-9DBE-331C-AD10-26632AC9EE0C}
		{B541E842-DE40-3A2A-8489-404EEF648829} = {57713676-9DBE-331C-AD10-26632AC9EE0C}
		{66677257-F004-3ED8-AD21-8B11F046DDE3} = {57713676-9DBE-331C-AD10-26632AC9EE0C}
		{3C6B466B-8D29-3668-A656-08D7C42BA53C} = {57713676-9DBE-331C-AD10-26632AC9EE0C}
		{66ECB8D9-8AF1-321C-BAA6-4C738A20F637} = {57713676-9DBE-331C-AD10-26632AC9EE0C}
		{7E1A7DDC-2462-3ABC-9811-CED3D40FC9E3} = {57713676-9DBE-331C-AD10-26632AC9EE0C}
		{4F1F63C4-B9AD-3263-846D-AFB93EC05F0F} = {57713676-9DBE-331C-AD10-26632AC9EE0C}
		{3D06AEB8-D810-3D25-93B2-12B28B7F3FBB} = {57713676-9DBE-331C-AD10-26632AC9EE0C}
		{D9905CF5-A952-3DCF-AE17-A73F82ED9382} = {57713676-9DBE-331C-AD10-26632AC9EE0C}
		{B5D2CDD1-F4B4-3DA3-A558-2DE5F8101942} = {C2F57ECE-B26F-39D8-BDA7-C1D40BD8F180}
		{EA2C70F9-4A19-38E3-9A07-AC3FE17BED06} = {C2F57ECE-B26F-39D8-BDA7-C1D40BD8F180}
		{C25387C6-E547-30A9-8572-7E2C2B142C46} = {C2F57ECE-B26F-39D8-BDA7-C1D40BD8F180}
		{600C20D6-1597-3597-8BAC-7DFF8A579F7B} = {C2F57ECE-B26F-39D8-BDA7-C1D40BD8F180}
	EndGlobalSection
EndGlobal
